
Microsoft Visual Studio Solution File, Format Version 12.00
# Visual Studio Version 16
VisualStudioVersion = 16.0.30717.126
MinimumVisualStudioVersion = 10.0.40219.1
Project("{FAE04EC0-301F-11D3-BF4B-00C04F79EFBC}") = "Appprueba.Android", "Appprueba\Appprueba.Android\Appprueba.Android.csproj", "{43CACBDB-6BB2-45EE-8F3A-0E9FAFCE991D}"
EndProject
Project("{FAE04EC0-301F-11D3-BF4B-00C04F79EFBC}") = "Appprueba.iOS", "Appprueba\Appprueba.iOS\Appprueba.iOS.csproj", "{040DA05C-72E2-41B3-8195-3A5F27F7D7F6}"
EndProject
Project("{FAE04EC0-301F-11D3-BF4B-00C04F79EFBC}") = "Appprueba", "Appprueba\Appprueba\Appprueba.csproj", "{2D29EDB5-0372-4766-AD30-FD2D14468F6B}"
EndProject
Global
	GlobalSection(SolutionConfigurationPlatforms) = preSolution
		Debug|Any CPU = Debug|Any CPU
		Debug|iPhone = Debug|iPhone
		Debug|iPhoneSimulator = Debug|iPhoneSimulator
		Release|Any CPU = Release|Any CPU
		Release|iPhone = Release|iPhone
		Release|iPhoneSimulator = Release|iPhoneSimulator
	EndGlobalSection
	GlobalSection(ProjectConfigurationPlatforms) = postSolution
		{43CACBDB-6BB2-45EE-8F3A-0E9FAFCE991D}.Debug|Any CPU.ActiveCfg = Debug|Any CPU
		{43CACBDB-6BB2-45EE-8F3A-0E9FAFCE991D}.Debug|Any CPU.Build.0 = Debug|Any CPU
		{43CACBDB-6BB2-45EE-8F3A-0E9FAFCE991D}.Debug|Any CPU.Deploy.0 = Debug|Any CPU
		{43CACBDB-6BB2-45EE-8F3A-0E9FAFCE991D}.Debug|iPhone.ActiveCfg = Debug|Any CPU
		{43CACBDB-6BB2-45EE-8F3A-0E9FAFCE991D}.Debug|iPhone.Build.0 = Debug|Any CPU
		{43CACBDB-6BB2-45EE-8F3A-0E9FAFCE991D}.Debug|iPhone.Deploy.0 = Debug|Any CPU
		{43CACBDB-6BB2-45EE-8F3A-0E9FAFCE991D}.Debug|iPhoneSimulator.ActiveCfg = Debug|Any CPU
		{43CACBDB-6BB2-45EE-8F3A-0E9FAFCE991D}.Debug|iPhoneSimulator.Build.0 = Debug|Any CPU
		{43CACBDB-6BB2-45EE-8F3A-0E9FAFCE991D}.Debug|iPhoneSimulator.Deploy.0 = Debug|Any CPU
		{43CACBDB-6BB2-45EE-8F3A-0E9FAFCE991D}.Release|Any CPU.ActiveCfg = Release|Any CPU
		{43CACBDB-6BB2-45EE-8F3A-0E9FAFCE991D}.Release|Any CPU.Build.0 = Release|Any CPU
		{43CACBDB-6BB2-45EE-8F3A-0E9FAFCE991D}.Release|Any CPU.Deploy.0 = Release|Any CPU
		{43CACBDB-6BB2-45EE-8F3A-0E9FAFCE991D}.Release|iPhone.ActiveCfg = Release|Any CPU
		{43CACBDB-6BB2-45EE-8F3A-0E9FAFCE991D}.Release|iPhone.Build.0 = Release|Any CPU
		{43CACBDB-6BB2-45EE-8F3A-0E9FAFCE991D}.Release|iPhone.Deploy.0 = Release|Any CPU
		{43CACBDB-6BB2-45EE-8F3A-0E9FAFCE991D}.Release|iPhoneSimulator.ActiveCfg = Release|Any CPU
		{43CACBDB-6BB2-45EE-8F3A-0E9FAFCE991D}.Release|iPhoneSimulator.Build.0 = Release|Any CPU
		{43CACBDB-6BB2-45EE-8F3A-0E9FAFCE991D}.Release|iPhoneSimulator.Deploy.0 = Release|Any CPU
		{040DA05C-72E2-41B3-8195-3A5F27F7D7F6}.Debug|Any CPU.ActiveCfg = Debug|iPhone
		{040DA05C-72E2-41B3-8195-3A5F27F7D7F6}.Debug|Any CPU.Build.0 = Debug|iPhone
		{040DA05C-72E2-41B3-8195-3A5F27F7D7F6}.Debug|Any CPU.Deploy.0 = Debug|iPhone
		{040DA05C-72E2-41B3-8195-3A5F27F7D7F6}.Debug|iPhone.ActiveCfg = Debug|iPhone
		{040DA05C-72E2-41B3-8195-3A5F27F7D7F6}.Debug|iPhone.Build.0 = Debug|iPhone
		{040DA05C-72E2-41B3-8195-3A5F27F7D7F6}.Debug|iPhone.Deploy.0 = Debug|iPhone
		{040DA05C-72E2-41B3-8195-3A5F27F7D7F6}.Debug|iPhoneSimulator.ActiveCfg = Debug|iPhoneSimulator
		{040DA05C-72E2-41B3-8195-3A5F27F7D7F6}.Debug|iPhoneSimulator.Build.0 = Debug|iPhoneSimulator
		{040DA05C-72E2-41B3-8195-3A5F27F7D7F6}.Debug|iPhoneSimulator.Deploy.0 = Debug|iPhoneSimulator
		{040DA05C-72E2-41B3-8195-3A5F27F7D7F6}.Release|Any CPU.ActiveCfg = Release|iPhoneSimulator
		{040DA05C-72E2-41B3-8195-3A5F27F7D7F6}.Release|Any CPU.Build.0 = Release|iPhoneSimulator
		{040DA05C-72E2-41B3-8195-3A5F27F7D7F6}.Release|Any CPU.Deploy.0 = Release|iPhoneSimulator
		{040DA05C-72E2-41B3-8195-3A5F27F7D7F6}.Release|iPhone.ActiveCfg = Release|iPhone
		{040DA05C-72E2-41B3-8195-3A5F27F7D7F6}.Release|iPhone.Build.0 = Release|iPhone
		{040DA05C-72E2-41B3-8195-3A5F27F7D7F6}.Release|iPhone.Deploy.0 = Release|iPhone
		{040DA05C-72E2-41B3-8195-3A5F27F7D7F6}.Release|iPhoneSimulator.ActiveCfg = Release|iPhoneSimulator
		{040DA05C-72E2-41B3-8195-3A5F27F7D7F6}.Release|iPhoneSimulator.Build.0 = Release|iPhoneSimulator
		{040DA05C-72E2-41B3-8195-3A5F27F7D7F6}.Release|iPhoneSimulator.Deploy.0 = Release|iPhoneSimulator
		{2D29EDB5-0372-4766-AD30-FD2D14468F6B}.Debug|Any CPU.ActiveCfg = Debug|Any CPU
		{2D29EDB5-0372-4766-AD30-FD2D14468F6B}.Debug|Any CPU.Build.0 = Debug|Any CPU
		{2D29EDB5-0372-4766-AD30-FD2D14468F6B}.Debug|Any CPU.Deploy.0 = Debug|Any CPU
		{2D29EDB5-0372-4766-AD30-FD2D14468F6B}.Debug|iPhone.ActiveCfg = Debug|Any CPU
		{2D29EDB5-0372-4766-AD30-FD2D14468F6B}.Debug|iPhone.Build.0 = Debug|Any CPU
		{2D29EDB5-0372-4766-AD30-FD2D14468F6B}.Debug|iPhone.Deploy.0 = Debug|Any CPU
		{2D29EDB5-0372-4766-AD30-FD2D14468F6B}.Debug|iPhoneSimulator.ActiveCfg = Debug|Any CPU
		{2D29EDB5-0372-4766-AD30-FD2D14468F6B}.Debug|iPhoneSimulator.Build.0 = Debug|Any CPU
		{2D29EDB5-0372-4766-AD30-FD2D14468F6B}.Debug|iPhoneSimulator.Deploy.0 = Debug|Any CPU
		{2D29EDB5-0372-4766-AD30-FD2D14468F6B}.Release|Any CPU.ActiveCfg = Release|Any CPU
		{2D29EDB5-0372-4766-AD30-FD2D14468F6B}.Release|Any CPU.Build.0 = Release|Any CPU
		{2D29EDB5-0372-4766-AD30-FD2D14468F6B}.Release|Any CPU.Deploy.0 = Release|Any CPU
		{2D29EDB5-0372-4766-AD30-FD2D14468F6B}.Release|iPhone.ActiveCfg = Release|Any CPU
		{2D29EDB5-0372-4766-AD30-FD2D14468F6B}.Release|iPhone.Build.0 = Release|Any CPU
		{2D29EDB5-0372-4766-AD30-FD2D14468F6B}.Release|iPhone.Deploy.0 = Release|Any CPU
		{2D29EDB5-0372-4766-AD30-FD2D14468F6B}.Release|iPhoneSimulator.ActiveCfg = Release|Any CPU
		{2D29EDB5-0372-4766-AD30-FD2D14468F6B}.Release|iPhoneSimulator.Build.0 = Release|Any CPU
		{2D29EDB5-0372-4766-AD30-FD2D14468F6B}.Release|iPhoneSimulator.Deploy.0 = Release|Any CPU
	EndGlobalSection
	GlobalSection(SolutionProperties) = preSolution
		HideSolutionNode = FALSE
	EndGlobalSection
	GlobalSection(ExtensibilityGlobals) = postSolution
		SolutionGuid = {D605407D-FC20-4C42-AF53-733BEC925AB3}
	EndGlobalSection
EndGlobal
